
Microsoft Visual Studio Solution File, Format Version 12.00
# Visual Studio Version 17
VisualStudioVersion = 17.14.36414.22 d17.14
MinimumVisualStudioVersion = 10.0.40219.1
Project("{FAE04EC0-301F-11D3-BF4B-00C04F79EFBC}") = "backend", "backend\backend.csproj", "{BDACAC4D-C597-4EE7-9471-3144C4786D6C}"
EndProject
Global
	GlobalSection(SolutionConfigurationPlatforms) = preSolution
		Debug|Any CPU = Debug|Any CPU
		Release|Any CPU = Release|Any CPU
	EndGlobalSection
	GlobalSection(ProjectConfigurationPlatforms) = postSolution
		{BDACAC4D-C597-4EE7-9471-3144C4786D6C}.Debug|Any CPU.ActiveCfg = Debug|Any CPU
		{BDACAC4D-C597-4EE7-9471-3144C4786D6C}.Debug|Any CPU.Build.0 = Debug|Any CPU
		{BDACAC4D-C597-4EE7-9471-3144C4786D6C}.Release|Any CPU.ActiveCfg = Release|Any CPU
		{BDACAC4D-C597-4EE7-9471-3144C4786D6C}.Release|Any CPU.Build.0 = Release|Any CPU
	EndGlobalSection
	GlobalSection(SolutionProperties) = preSolution
		HideSolutionNode = FALSE
	EndGlobalSection
	GlobalSection(ExtensibilityGlobals) = postSolution
		SolutionGuid = {9A9AAD17-7BAA-471C-BD8C-8D156052AC34}
	EndGlobalSection
EndGlobal
